
Microsoft Visual Studio Solution File, Format Version 12.00
# Visual Studio Version 17
VisualStudioVersion = 17.3.32922.545
MinimumVisualStudioVersion = 10.0.40219.1
Project("{FAE04EC0-301F-11D3-BF4B-00C04F79EFBC}") = "CalculoFatorial", "CalculoFatorial\CalculoFatorial.csproj", "{AB5BA7BD-664B-4414-BEE7-C3C779940A76}"
EndProject
Global
	GlobalSection(SolutionConfigurationPlatforms) = preSolution
		Debug|Any CPU = Debug|Any CPU
		Release|Any CPU = Release|Any CPU
	EndGlobalSection
	GlobalSection(ProjectConfigurationPlatforms) = postSolution
		{AB5BA7BD-664B-4414-BEE7-C3C779940A76}.Debug|Any CPU.ActiveCfg = Debug|Any CPU
		{AB5BA7BD-664B-4414-BEE7-C3C779940A76}.Debug|Any CPU.Build.0 = Debug|Any CPU
		{AB5BA7BD-664B-4414-BEE7-C3C779940A76}.Release|Any CPU.ActiveCfg = Release|Any CPU
		{AB5BA7BD-664B-4414-BEE7-C3C779940A76}.Release|Any CPU.Build.0 = Release|Any CPU
	EndGlobalSection
	GlobalSection(SolutionProperties) = preSolution
		HideSolutionNode = FALSE
	EndGlobalSection
	GlobalSection(ExtensibilityGlobals) = postSolution
		SolutionGuid = {8347E7B1-CF9F-4865-84FA-551A87643F4B}
	EndGlobalSection
EndGlobal
